<?xml version="1.0" encoding="utf-8"?>
<Project ToolsVersion="4.0" xmlns="http://schemas.microsoft.com/developer/msbuild/2003">
  <ItemGroup>
    <Filter Include="Source">
      <UniqueIdentifier>{d5ec83ab-9656-4c91-a32b-8839e7112370}</UniqueIdentifier>
    </Filter>
  </ItemGroup>
  <ItemGroup>
    <ClCompile Include="Source\SubClass.cpp">
      <Filter>Source</Filter>
    </ClCompile>
    <ClCompile Include="Source\SubClass2.cpp">
      <Filter>Source</Filter>
    </ClCompile>
    <ClCompile Include="Source\SuperClass.cpp">
      <Filter>Source</Filter>
    </ClCompile>
    <ClCompile Include="Source\SuperClass2.cpp">
      <Filter>Source</Filter>
    </ClCompile>
    <ClCompile Include="main.cpp" />
  </ItemGroup>
  <ItemGroup>
    <ClInclude Include="Source\SubClass.h">
      <Filter>Source</Filter>
    </ClInclude>
    <ClInclude Include="Source\SubClass2.h">
      <Filter>Source</Filter>
    </ClInclude>
    <ClInclude Include="Source\SuperClass.h">
      <Filter>Source</Filter>
    </ClInclude>
    <ClInclude Include="Source\SuperClass2.h">
      <Filter>Source</Filter>
    </ClInclude>
  </ItemGroup>
</Project>