<?xml version="1.0" encoding="utf-8"?>
<Project ToolsVersion="4.0" xmlns="http://schemas.microsoft.com/developer/msbuild/2003">
  <ItemGroup>
    <Filter Include="Source">
      <UniqueIdentifier>{9be78d65-6124-4c27-bc27-06b9e2eaf454}</UniqueIdentifier>
    </Filter>
  </ItemGroup>
  <ItemGroup>
    <ClCompile Include="Source\SuperClass.cpp">
      <Filter>Source</Filter>
    </ClCompile>
    <ClCompile Include="Source\SubClass.cpp">
      <Filter>Source</Filter>
    </ClCompile>
    <ClCompile Include="main.cpp" />
  </ItemGroup>
  <ItemGroup>
    <ClInclude Include="Source\SuperClass.h">
      <Filter>Source</Filter>
    </ClInclude>
    <ClInclude Include="Source\SubClass.h">
      <Filter>Source</Filter>
    </ClInclude>
  </ItemGroup>
</Project>