
Microsoft Visual Studio Solution File, Format Version 12.00
# Visual Studio 15
VisualStudioVersion = 15.0.28307.271
MinimumVisualStudioVersion = 10.0.40219.1
Project("{8BC9CEB8-8B4A-11D0-8D11-00A0C91BC942}") = "HelloWorld", "HelloWorld\HelloWorld.vcxproj", "{7A5623C4-70CA-4E8E-8318-E5BA6B885553}"
EndProject
Project("{8BC9CEB8-8B4A-11D0-8D11-00A0C91BC942}") = "StandardIO", "StandardIO\StandardIO.vcxproj", "{1B1AA462-1548-470B-B000-E17636FFF3C3}"
EndProject
Project("{8BC9CEB8-8B4A-11D0-8D11-00A0C91BC942}") = "NameSpace", "NameSpace\NameSpace.vcxproj", "{E11CBBA9-417F-46C6-AF97-4FDA9851BBFC}"
EndProject
Project("{8BC9CEB8-8B4A-11D0-8D11-00A0C91BC942}") = "Overload", "Overload\Overload.vcxproj", "{C274E4A5-66B5-48C2-9B3F-AB01F98CF672}"
EndProject
Project("{8BC9CEB8-8B4A-11D0-8D11-00A0C91BC942}") = "Pointer", "Pointer\Pointer.vcxproj", "{55E13EEF-FD2B-4382-B121-EFE0EA0D9238}"
EndProject
Global
	GlobalSection(SolutionConfigurationPlatforms) = preSolution
		Debug|x64 = Debug|x64
		Debug|x86 = Debug|x86
		Release|x64 = Release|x64
		Release|x86 = Release|x86
	EndGlobalSection
	GlobalSection(ProjectConfigurationPlatforms) = postSolution
		{7A5623C4-70CA-4E8E-8318-E5BA6B885553}.Debug|x64.ActiveCfg = Debug|x64
		{7A5623C4-70CA-4E8E-8318-E5BA6B885553}.Debug|x64.Build.0 = Debug|x64
		{7A5623C4-70CA-4E8E-8318-E5BA6B885553}.Debug|x86.ActiveCfg = Debug|Win32
		{7A5623C4-70CA-4E8E-8318-E5BA6B885553}.Debug|x86.Build.0 = Debug|Win32
		{7A5623C4-70CA-4E8E-8318-E5BA6B885553}.Release|x64.ActiveCfg = Release|x64
		{7A5623C4-70CA-4E8E-8318-E5BA6B885553}.Release|x64.Build.0 = Release|x64
		{7A5623C4-70CA-4E8E-8318-E5BA6B885553}.Release|x86.ActiveCfg = Release|Win32
		{7A5623C4-70CA-4E8E-8318-E5BA6B885553}.Release|x86.Build.0 = Release|Win32
		{1B1AA462-1548-470B-B000-E17636FFF3C3}.Debug|x64.ActiveCfg = Debug|x64
		{1B1AA462-1548-470B-B000-E17636FFF3C3}.Debug|x64.Build.0 = Debug|x64
		{1B1AA462-1548-470B-B000-E17636FFF3C3}.Debug|x86.ActiveCfg = Debug|Win32
		{1B1AA462-1548-470B-B000-E17636FFF3C3}.Debug|x86.Build.0 = Debug|Win32
		{1B1AA462-1548-470B-B000-E17636FFF3C3}.Release|x64.ActiveCfg = Release|x64
		{1B1AA462-1548-470B-B000-E17636FFF3C3}.Release|x64.Build.0 = Release|x64
		{1B1AA462-1548-470B-B000-E17636FFF3C3}.Release|x86.ActiveCfg = Release|Win32
		{1B1AA462-1548-470B-B000-E17636FFF3C3}.Release|x86.Build.0 = Release|Win32
		{E11CBBA9-417F-46C6-AF97-4FDA9851BBFC}.Debug|x64.ActiveCfg = Debug|x64
		{E11CBBA9-417F-46C6-AF97-4FDA9851BBFC}.Debug|x64.Build.0 = Debug|x64
		{E11CBBA9-417F-46C6-AF97-4FDA9851BBFC}.Debug|x86.ActiveCfg = Debug|Win32
		{E11CBBA9-417F-46C6-AF97-4FDA9851BBFC}.Debug|x86.Build.0 = Debug|Win32
		{E11CBBA9-417F-46C6-AF97-4FDA9851BBFC}.Release|x64.ActiveCfg = Release|x64
		{E11CBBA9-417F-46C6-AF97-4FDA9851BBFC}.Release|x64.Build.0 = Release|x64
		{E11CBBA9-417F-46C6-AF97-4FDA9851BBFC}.Release|x86.ActiveCfg = Release|Win32
		{E11CBBA9-417F-46C6-AF97-4FDA9851BBFC}.Release|x86.Build.0 = Release|Win32
		{C274E4A5-66B5-48C2-9B3F-AB01F98CF672}.Debug|x64.ActiveCfg = Debug|x64
		{C274E4A5-66B5-48C2-9B3F-AB01F98CF672}.Debug|x64.Build.0 = Debug|x64
		{C274E4A5-66B5-48C2-9B3F-AB01F98CF672}.Debug|x86.ActiveCfg = Debug|Win32
		{C274E4A5-66B5-48C2-9B3F-AB01F98CF672}.Debug|x86.Build.0 = Debug|Win32
		{C274E4A5-66B5-48C2-9B3F-AB01F98CF672}.Release|x64.ActiveCfg = Release|x64
		{C274E4A5-66B5-48C2-9B3F-AB01F98CF672}.Release|x64.Build.0 = Release|x64
		{C274E4A5-66B5-48C2-9B3F-AB01F98CF672}.Release|x86.ActiveCfg = Release|Win32
		{C274E4A5-66B5-48C2-9B3F-AB01F98CF672}.Release|x86.Build.0 = Release|Win32
		{55E13EEF-FD2B-4382-B121-EFE0EA0D9238}.Debug|x64.ActiveCfg = Debug|x64
		{55E13EEF-FD2B-4382-B121-EFE0EA0D9238}.Debug|x64.Build.0 = Debug|x64
		{55E13EEF-FD2B-4382-B121-EFE0EA0D9238}.Debug|x86.ActiveCfg = Debug|Win32
		{55E13EEF-FD2B-4382-B121-EFE0EA0D9238}.Debug|x86.Build.0 = Debug|Win32
		{55E13EEF-FD2B-4382-B121-EFE0EA0D9238}.Release|x64.ActiveCfg = Release|x64
		{55E13EEF-FD2B-4382-B121-EFE0EA0D9238}.Release|x64.Build.0 = Release|x64
		{55E13EEF-FD2B-4382-B121-EFE0EA0D9238}.Release|x86.ActiveCfg = Release|Win32
		{55E13EEF-FD2B-4382-B121-EFE0EA0D9238}.Release|x86.Build.0 = Release|Win32
	EndGlobalSection
	GlobalSection(SolutionProperties) = preSolution
		HideSolutionNode = FALSE
	EndGlobalSection
	GlobalSection(ExtensibilityGlobals) = postSolution
		SolutionGuid = {D9494DFB-85B9-4DAD-A604-CAB3AECD1AD3}
	EndGlobalSection
EndGlobal
