
Microsoft Visual Studio Solution File, Format Version 12.00
# Visual Studio 15
VisualStudioVersion = 15.0.28307.271
MinimumVisualStudioVersion = 10.0.40219.1
Project("{8BC9CEB8-8B4A-11D0-8D11-00A0C91BC942}") = "HelloWorld", "HelloWorld\HelloWorld.vcxproj", "{7A5623C4-70CA-4E8E-8318-E5BA6B885553}"
EndProject
Project("{8BC9CEB8-8B4A-11D0-8D11-00A0C91BC942}") = "StandardIO", "StandardIO\StandardIO.vcxproj", "{1B1AA462-1548-470B-B000-E17636FFF3C3}"
EndProject
Project("{8BC9CEB8-8B4A-11D0-8D11-00A0C91BC942}") = "NameSpace", "NameSpace\NameSpace.vcxproj", "{E11CBBA9-417F-46C6-AF97-4FDA9851BBFC}"
EndProject
Project("{8BC9CEB8-8B4A-11D0-8D11-00A0C91BC942}") = "Overload", "Overload\Overload.vcxproj", "{C274E4A5-66B5-48C2-9B3F-AB01F98CF672}"
EndProject
Project("{8BC9CEB8-8B4A-11D0-8D11-00A0C91BC942}") = "Pointer", "Pointer\Pointer.vcxproj", "{55E13EEF-FD2B-4382-B121-EFE0EA0D9238}"
EndProject
Project("{8BC9CEB8-8B4A-11D0-8D11-00A0C91BC942}") = "PointerHowToUse", "PointerHowToUse\PointerHowToUse.vcxproj", "{1EF898FC-9153-4919-9140-5FE28E3C2C58}"
EndProject
Project("{8BC9CEB8-8B4A-11D0-8D11-00A0C91BC942}") = "Reference", "Reference\Reference.vcxproj", "{223DD486-FB12-46FD-99F0-8990852DE3A0}"
EndProject
Project("{8BC9CEB8-8B4A-11D0-8D11-00A0C91BC942}") = "DinamicMemAlloc", "DinamicMemAlloc\DinamicMemAlloc.vcxproj", "{0257B9D2-1F90-4383-8589-48AB18C36551}"
EndProject
Project("{8BC9CEB8-8B4A-11D0-8D11-00A0C91BC942}") = "SmartPointer", "SmartPointer\SmartPointer.vcxproj", "{8D9ECCDA-3E48-4453-AA7D-8D8976A1814E}"
EndProject
Project("{8BC9CEB8-8B4A-11D0-8D11-00A0C91BC942}") = "Class", "Class\Class.vcxproj", "{E1F93EF6-CCE8-44E1-95F2-E8086D54891F}"
EndProject
Project("{8BC9CEB8-8B4A-11D0-8D11-00A0C91BC942}") = "SubClass", "SubClass\SubClass.vcxproj", "{034EC1AB-8E20-41D9-BC50-03518234E2BA}"
EndProject
Project("{8BC9CEB8-8B4A-11D0-8D11-00A0C91BC942}") = "NameHiding", "NameHiding\NameHiding.vcxproj", "{BD9B5A0C-1C23-49E8-970A-016DCAAE8F66}"
EndProject
Project("{8BC9CEB8-8B4A-11D0-8D11-00A0C91BC942}") = "UpCast", "UpCast\UpCast.vcxproj", "{DDC18A49-78D8-449A-871B-60D01E2B0E13}"
EndProject
Project("{8BC9CEB8-8B4A-11D0-8D11-00A0C91BC942}") = "VirtualDtor", "VirtualDtor\VirtualDtor.vcxproj", "{25E19884-749F-4D1A-AA9F-028C29EAB380}"
EndProject
Global
	GlobalSection(SolutionConfigurationPlatforms) = preSolution
		Debug|x64 = Debug|x64
		Debug|x86 = Debug|x86
		Release|x64 = Release|x64
		Release|x86 = Release|x86
	EndGlobalSection
	GlobalSection(ProjectConfigurationPlatforms) = postSolution
		{7A5623C4-70CA-4E8E-8318-E5BA6B885553}.Debug|x64.ActiveCfg = Debug|x64
		{7A5623C4-70CA-4E8E-8318-E5BA6B885553}.Debug|x64.Build.0 = Debug|x64
		{7A5623C4-70CA-4E8E-8318-E5BA6B885553}.Debug|x86.ActiveCfg = Debug|Win32
		{7A5623C4-70CA-4E8E-8318-E5BA6B885553}.Debug|x86.Build.0 = Debug|Win32
		{7A5623C4-70CA-4E8E-8318-E5BA6B885553}.Release|x64.ActiveCfg = Release|x64
		{7A5623C4-70CA-4E8E-8318-E5BA6B885553}.Release|x64.Build.0 = Release|x64
		{7A5623C4-70CA-4E8E-8318-E5BA6B885553}.Release|x86.ActiveCfg = Release|Win32
		{7A5623C4-70CA-4E8E-8318-E5BA6B885553}.Release|x86.Build.0 = Release|Win32
		{1B1AA462-1548-470B-B000-E17636FFF3C3}.Debug|x64.ActiveCfg = Debug|x64
		{1B1AA462-1548-470B-B000-E17636FFF3C3}.Debug|x64.Build.0 = Debug|x64
		{1B1AA462-1548-470B-B000-E17636FFF3C3}.Debug|x86.ActiveCfg = Debug|Win32
		{1B1AA462-1548-470B-B000-E17636FFF3C3}.Debug|x86.Build.0 = Debug|Win32
		{1B1AA462-1548-470B-B000-E17636FFF3C3}.Release|x64.ActiveCfg = Release|x64
		{1B1AA462-1548-470B-B000-E17636FFF3C3}.Release|x64.Build.0 = Release|x64
		{1B1AA462-1548-470B-B000-E17636FFF3C3}.Release|x86.ActiveCfg = Release|Win32
		{1B1AA462-1548-470B-B000-E17636FFF3C3}.Release|x86.Build.0 = Release|Win32
		{E11CBBA9-417F-46C6-AF97-4FDA9851BBFC}.Debug|x64.ActiveCfg = Debug|x64
		{E11CBBA9-417F-46C6-AF97-4FDA9851BBFC}.Debug|x64.Build.0 = Debug|x64
		{E11CBBA9-417F-46C6-AF97-4FDA9851BBFC}.Debug|x86.ActiveCfg = Debug|Win32
		{E11CBBA9-417F-46C6-AF97-4FDA9851BBFC}.Debug|x86.Build.0 = Debug|Win32
		{E11CBBA9-417F-46C6-AF97-4FDA9851BBFC}.Release|x64.ActiveCfg = Release|x64
		{E11CBBA9-417F-46C6-AF97-4FDA9851BBFC}.Release|x64.Build.0 = Release|x64
		{E11CBBA9-417F-46C6-AF97-4FDA9851BBFC}.Release|x86.ActiveCfg = Release|Win32
		{E11CBBA9-417F-46C6-AF97-4FDA9851BBFC}.Release|x86.Build.0 = Release|Win32
		{C274E4A5-66B5-48C2-9B3F-AB01F98CF672}.Debug|x64.ActiveCfg = Debug|x64
		{C274E4A5-66B5-48C2-9B3F-AB01F98CF672}.Debug|x64.Build.0 = Debug|x64
		{C274E4A5-66B5-48C2-9B3F-AB01F98CF672}.Debug|x86.ActiveCfg = Debug|Win32
		{C274E4A5-66B5-48C2-9B3F-AB01F98CF672}.Debug|x86.Build.0 = Debug|Win32
		{C274E4A5-66B5-48C2-9B3F-AB01F98CF672}.Release|x64.ActiveCfg = Release|x64
		{C274E4A5-66B5-48C2-9B3F-AB01F98CF672}.Release|x64.Build.0 = Release|x64
		{C274E4A5-66B5-48C2-9B3F-AB01F98CF672}.Release|x86.ActiveCfg = Release|Win32
		{C274E4A5-66B5-48C2-9B3F-AB01F98CF672}.Release|x86.Build.0 = Release|Win32
		{55E13EEF-FD2B-4382-B121-EFE0EA0D9238}.Debug|x64.ActiveCfg = Debug|x64
		{55E13EEF-FD2B-4382-B121-EFE0EA0D9238}.Debug|x64.Build.0 = Debug|x64
		{55E13EEF-FD2B-4382-B121-EFE0EA0D9238}.Debug|x86.ActiveCfg = Debug|Win32
		{55E13EEF-FD2B-4382-B121-EFE0EA0D9238}.Debug|x86.Build.0 = Debug|Win32
		{55E13EEF-FD2B-4382-B121-EFE0EA0D9238}.Release|x64.ActiveCfg = Release|x64
		{55E13EEF-FD2B-4382-B121-EFE0EA0D9238}.Release|x64.Build.0 = Release|x64
		{55E13EEF-FD2B-4382-B121-EFE0EA0D9238}.Release|x86.ActiveCfg = Release|Win32
		{55E13EEF-FD2B-4382-B121-EFE0EA0D9238}.Release|x86.Build.0 = Release|Win32
		{1EF898FC-9153-4919-9140-5FE28E3C2C58}.Debug|x64.ActiveCfg = Debug|x64
		{1EF898FC-9153-4919-9140-5FE28E3C2C58}.Debug|x64.Build.0 = Debug|x64
		{1EF898FC-9153-4919-9140-5FE28E3C2C58}.Debug|x86.ActiveCfg = Debug|Win32
		{1EF898FC-9153-4919-9140-5FE28E3C2C58}.Debug|x86.Build.0 = Debug|Win32
		{1EF898FC-9153-4919-9140-5FE28E3C2C58}.Release|x64.ActiveCfg = Release|x64
		{1EF898FC-9153-4919-9140-5FE28E3C2C58}.Release|x64.Build.0 = Release|x64
		{1EF898FC-9153-4919-9140-5FE28E3C2C58}.Release|x86.ActiveCfg = Release|Win32
		{1EF898FC-9153-4919-9140-5FE28E3C2C58}.Release|x86.Build.0 = Release|Win32
		{223DD486-FB12-46FD-99F0-8990852DE3A0}.Debug|x64.ActiveCfg = Debug|x64
		{223DD486-FB12-46FD-99F0-8990852DE3A0}.Debug|x64.Build.0 = Debug|x64
		{223DD486-FB12-46FD-99F0-8990852DE3A0}.Debug|x86.ActiveCfg = Debug|Win32
		{223DD486-FB12-46FD-99F0-8990852DE3A0}.Debug|x86.Build.0 = Debug|Win32
		{223DD486-FB12-46FD-99F0-8990852DE3A0}.Release|x64.ActiveCfg = Release|x64
		{223DD486-FB12-46FD-99F0-8990852DE3A0}.Release|x64.Build.0 = Release|x64
		{223DD486-FB12-46FD-99F0-8990852DE3A0}.Release|x86.ActiveCfg = Release|Win32
		{223DD486-FB12-46FD-99F0-8990852DE3A0}.Release|x86.Build.0 = Release|Win32
		{0257B9D2-1F90-4383-8589-48AB18C36551}.Debug|x64.ActiveCfg = Debug|x64
		{0257B9D2-1F90-4383-8589-48AB18C36551}.Debug|x64.Build.0 = Debug|x64
		{0257B9D2-1F90-4383-8589-48AB18C36551}.Debug|x86.ActiveCfg = Debug|Win32
		{0257B9D2-1F90-4383-8589-48AB18C36551}.Debug|x86.Build.0 = Debug|Win32
		{0257B9D2-1F90-4383-8589-48AB18C36551}.Release|x64.ActiveCfg = Release|x64
		{0257B9D2-1F90-4383-8589-48AB18C36551}.Release|x64.Build.0 = Release|x64
		{0257B9D2-1F90-4383-8589-48AB18C36551}.Release|x86.ActiveCfg = Release|Win32
		{0257B9D2-1F90-4383-8589-48AB18C36551}.Release|x86.Build.0 = Release|Win32
		{8D9ECCDA-3E48-4453-AA7D-8D8976A1814E}.Debug|x64.ActiveCfg = Debug|x64
		{8D9ECCDA-3E48-4453-AA7D-8D8976A1814E}.Debug|x64.Build.0 = Debug|x64
		{8D9ECCDA-3E48-4453-AA7D-8D8976A1814E}.Debug|x86.ActiveCfg = Debug|Win32
		{8D9ECCDA-3E48-4453-AA7D-8D8976A1814E}.Debug|x86.Build.0 = Debug|Win32
		{8D9ECCDA-3E48-4453-AA7D-8D8976A1814E}.Release|x64.ActiveCfg = Release|x64
		{8D9ECCDA-3E48-4453-AA7D-8D8976A1814E}.Release|x64.Build.0 = Release|x64
		{8D9ECCDA-3E48-4453-AA7D-8D8976A1814E}.Release|x86.ActiveCfg = Release|Win32
		{8D9ECCDA-3E48-4453-AA7D-8D8976A1814E}.Release|x86.Build.0 = Release|Win32
		{E1F93EF6-CCE8-44E1-95F2-E8086D54891F}.Debug|x64.ActiveCfg = Debug|x64
		{E1F93EF6-CCE8-44E1-95F2-E8086D54891F}.Debug|x64.Build.0 = Debug|x64
		{E1F93EF6-CCE8-44E1-95F2-E8086D54891F}.Debug|x86.ActiveCfg = Debug|Win32
		{E1F93EF6-CCE8-44E1-95F2-E8086D54891F}.Debug|x86.Build.0 = Debug|Win32
		{E1F93EF6-CCE8-44E1-95F2-E8086D54891F}.Release|x64.ActiveCfg = Release|x64
		{E1F93EF6-CCE8-44E1-95F2-E8086D54891F}.Release|x64.Build.0 = Release|x64
		{E1F93EF6-CCE8-44E1-95F2-E8086D54891F}.Release|x86.ActiveCfg = Release|Win32
		{E1F93EF6-CCE8-44E1-95F2-E8086D54891F}.Release|x86.Build.0 = Release|Win32
		{034EC1AB-8E20-41D9-BC50-03518234E2BA}.Debug|x64.ActiveCfg = Debug|x64
		{034EC1AB-8E20-41D9-BC50-03518234E2BA}.Debug|x64.Build.0 = Debug|x64
		{034EC1AB-8E20-41D9-BC50-03518234E2BA}.Debug|x86.ActiveCfg = Debug|Win32
		{034EC1AB-8E20-41D9-BC50-03518234E2BA}.Debug|x86.Build.0 = Debug|Win32
		{034EC1AB-8E20-41D9-BC50-03518234E2BA}.Release|x64.ActiveCfg = Release|x64
		{034EC1AB-8E20-41D9-BC50-03518234E2BA}.Release|x64.Build.0 = Release|x64
		{034EC1AB-8E20-41D9-BC50-03518234E2BA}.Release|x86.ActiveCfg = Release|Win32
		{034EC1AB-8E20-41D9-BC50-03518234E2BA}.Release|x86.Build.0 = Release|Win32
		{BD9B5A0C-1C23-49E8-970A-016DCAAE8F66}.Debug|x64.ActiveCfg = Debug|x64
		{BD9B5A0C-1C23-49E8-970A-016DCAAE8F66}.Debug|x64.Build.0 = Debug|x64
		{BD9B5A0C-1C23-49E8-970A-016DCAAE8F66}.Debug|x86.ActiveCfg = Debug|Win32
		{BD9B5A0C-1C23-49E8-970A-016DCAAE8F66}.Debug|x86.Build.0 = Debug|Win32
		{BD9B5A0C-1C23-49E8-970A-016DCAAE8F66}.Release|x64.ActiveCfg = Release|x64
		{BD9B5A0C-1C23-49E8-970A-016DCAAE8F66}.Release|x64.Build.0 = Release|x64
		{BD9B5A0C-1C23-49E8-970A-016DCAAE8F66}.Release|x86.ActiveCfg = Release|Win32
		{BD9B5A0C-1C23-49E8-970A-016DCAAE8F66}.Release|x86.Build.0 = Release|Win32
		{DDC18A49-78D8-449A-871B-60D01E2B0E13}.Debug|x64.ActiveCfg = Debug|x64
		{DDC18A49-78D8-449A-871B-60D01E2B0E13}.Debug|x64.Build.0 = Debug|x64
		{DDC18A49-78D8-449A-871B-60D01E2B0E13}.Debug|x86.ActiveCfg = Debug|Win32
		{DDC18A49-78D8-449A-871B-60D01E2B0E13}.Debug|x86.Build.0 = Debug|Win32
		{DDC18A49-78D8-449A-871B-60D01E2B0E13}.Release|x64.ActiveCfg = Release|x64
		{DDC18A49-78D8-449A-871B-60D01E2B0E13}.Release|x64.Build.0 = Release|x64
		{DDC18A49-78D8-449A-871B-60D01E2B0E13}.Release|x86.ActiveCfg = Release|Win32
		{DDC18A49-78D8-449A-871B-60D01E2B0E13}.Release|x86.Build.0 = Release|Win32
		{25E19884-749F-4D1A-AA9F-028C29EAB380}.Debug|x64.ActiveCfg = Debug|x64
		{25E19884-749F-4D1A-AA9F-028C29EAB380}.Debug|x64.Build.0 = Debug|x64
		{25E19884-749F-4D1A-AA9F-028C29EAB380}.Debug|x86.ActiveCfg = Debug|Win32
		{25E19884-749F-4D1A-AA9F-028C29EAB380}.Debug|x86.Build.0 = Debug|Win32
		{25E19884-749F-4D1A-AA9F-028C29EAB380}.Release|x64.ActiveCfg = Release|x64
		{25E19884-749F-4D1A-AA9F-028C29EAB380}.Release|x64.Build.0 = Release|x64
		{25E19884-749F-4D1A-AA9F-028C29EAB380}.Release|x86.ActiveCfg = Release|Win32
		{25E19884-749F-4D1A-AA9F-028C29EAB380}.Release|x86.Build.0 = Release|Win32
	EndGlobalSection
	GlobalSection(SolutionProperties) = preSolution
		HideSolutionNode = FALSE
	EndGlobalSection
	GlobalSection(ExtensibilityGlobals) = postSolution
		SolutionGuid = {D9494DFB-85B9-4DAD-A604-CAB3AECD1AD3}
	EndGlobalSection
EndGlobal
