<?xml version="1.0" encoding="utf-8"?>
<Project ToolsVersion="4.0" xmlns="http://schemas.microsoft.com/developer/msbuild/2003">
  <ItemGroup>
    <Filter Include="Source">
      <UniqueIdentifier>{529df63b-64ba-433e-9a70-b894d9cd1902}</UniqueIdentifier>
    </Filter>
  </ItemGroup>
  <ItemGroup>
    <ClCompile Include="Source\SubClass.cpp">
      <Filter>Source</Filter>
    </ClCompile>
    <ClCompile Include="Source\SuperClass.cpp">
      <Filter>Source</Filter>
    </ClCompile>
    <ClCompile Include="main.cpp" />
  </ItemGroup>
  <ItemGroup>
    <ClInclude Include="Source\SubClass.h">
      <Filter>Source</Filter>
    </ClInclude>
    <ClInclude Include="Source\SuperClass.h">
      <Filter>Source</Filter>
    </ClInclude>
  </ItemGroup>
</Project>